
Microsoft Visual Studio Solution File, Format Version 12.00
# Visual Studio 15
VisualStudioVersion = 15.0.27703.2026
MinimumVisualStudioVersion = 10.0.40219.1
Project("{9A19103F-16F7-4668-BE54-9A1E7A4F7556}") = "rMind.Server", "rMind.Server\rMind.Server.csproj", "{838E9289-3161-4FAD-836B-16BF5DDA1827}"
EndProject
Project("{2150E333-8FDC-42A3-9474-1A3956D46DE8}") = "Libs", "Libs", "{F4098AB5-E89F-4725-9559-D3A2E80AF619}"
EndProject
Project("{2150E333-8FDC-42A3-9474-1A3956D46DE8}") = "Apps", "Apps", "{08C45AD9-DCD0-470D-A46D-E07A36707FD6}"
EndProject
Project("{2150E333-8FDC-42A3-9474-1A3956D46DE8}") = "Server", "Server", "{D8E015E5-0090-42F9-906C-72B67BDB27AA}"
EndProject
Project("{FAE04EC0-301F-11D3-BF4B-00C04F79EFBC}") = "rMind.Bridge", "rMind.Bridge\rMind.Bridge.csproj", "{30742ED9-86EE-4C6B-906B-9E9FCAF96BF9}"
EndProject
Project("{2150E333-8FDC-42A3-9474-1A3956D46DE8}") = "Client", "Client", "{2208A63F-5BFB-4795-B794-3A741B1126B8}"
EndProject
Project("{2150E333-8FDC-42A3-9474-1A3956D46DE8}") = "Demo", "Demo", "{FAD83818-F6F7-45C7-A023-983F92B0019A}"
EndProject
Project("{FAE04EC0-301F-11D3-BF4B-00C04F79EFBC}") = "UWP.Dash", "Apps\Client\Demo\UWP.Dash\UWP.Dash.csproj", "{6270BDCC-8E76-495D-9ABC-C9856F53C965}"
EndProject
Project("{FAE04EC0-301F-11D3-BF4B-00C04F79EFBC}") = "Editor", "Editor\Editor.csproj", "{510211A1-354B-47C8-8D37-8605FC85ACAA}"
EndProject
Project("{2150E333-8FDC-42A3-9474-1A3956D46DE8}") = "NodeEngine", "NodeEngine", "{2A1CEF9E-91B4-4D03-ACA0-E19EB762F587}"
EndProject
Project("{9A19103F-16F7-4668-BE54-9A1E7A4F7556}") = "rMind.Behaviour", "Libs\rMind.Behaviour\rMind.Behaviour.csproj", "{9436EC69-8415-4CB9-B8BB-603DEB0744C0}"
EndProject
Project("{FAE04EC0-301F-11D3-BF4B-00C04F79EFBC}") = "rMind.Base", "Libs\NodeEngine\rMind.Base\rMind.Base.csproj", "{709002B9-916F-481F-981B-6F4F0C2B51DB}"
EndProject
Project("{FAE04EC0-301F-11D3-BF4B-00C04F79EFBC}") = "rMind.BaseControls", "Libs\NodeEngine\rMind.BaseControls\rMind.BaseControls.csproj", "{DDE69CFE-2F1D-46ED-A414-EB48870FF997}"
EndProject
Project("{FAE04EC0-301F-11D3-BF4B-00C04F79EFBC}") = "rMind.Theme", "Libs\NodeEngine\rMind.Theme\rMind.Theme.csproj", "{458F5C99-D7E2-481A-BAEF-DB0D694A0F8A}"
EndProject
Project("{FAE04EC0-301F-11D3-BF4B-00C04F79EFBC}") = "rMind.Storage", "Libs\NodeEngine\rMind.Storage\rMind.Storage.csproj", "{926D5C3D-0424-454E-B78B-B50731744D7B}"
EndProject
Project("{2150E333-8FDC-42A3-9474-1A3956D46DE8}") = "Core", "Core", "{E01568C8-4F40-4AC3-9C67-984AD4A2A47A}"
EndProject
Project("{FAE04EC0-301F-11D3-BF4B-00C04F79EFBC}") = "rMind.RobotEngine", "rMind.RobotEngine\rMind.RobotEngine.csproj", "{1C79F4A0-96E4-47A9-A269-C04888FF892B}"
EndProject
Project("{FAE04EC0-301F-11D3-BF4B-00C04F79EFBC}") = "rMind.Robot", "Libs\rMind.Robot\rMind.Robot.csproj", "{A115DBAD-6E4B-4A94-8884-BCD065C1E462}"
EndProject
Global
	GlobalSection(SolutionConfigurationPlatforms) = preSolution
		Debug|Any CPU = Debug|Any CPU
		Debug|ARM = Debug|ARM
		Debug|x64 = Debug|x64
		Debug|x86 = Debug|x86
		Release|Any CPU = Release|Any CPU
		Release|ARM = Release|ARM
		Release|x64 = Release|x64
		Release|x86 = Release|x86
	EndGlobalSection
	GlobalSection(ProjectConfigurationPlatforms) = postSolution
		{838E9289-3161-4FAD-836B-16BF5DDA1827}.Debug|Any CPU.ActiveCfg = Debug|Any CPU
		{838E9289-3161-4FAD-836B-16BF5DDA1827}.Debug|Any CPU.Build.0 = Debug|Any CPU
		{838E9289-3161-4FAD-836B-16BF5DDA1827}.Debug|ARM.ActiveCfg = Debug|Any CPU
		{838E9289-3161-4FAD-836B-16BF5DDA1827}.Debug|ARM.Build.0 = Debug|Any CPU
		{838E9289-3161-4FAD-836B-16BF5DDA1827}.Debug|x64.ActiveCfg = Debug|Any CPU
		{838E9289-3161-4FAD-836B-16BF5DDA1827}.Debug|x64.Build.0 = Debug|Any CPU
		{838E9289-3161-4FAD-836B-16BF5DDA1827}.Debug|x86.ActiveCfg = Debug|Any CPU
		{838E9289-3161-4FAD-836B-16BF5DDA1827}.Debug|x86.Build.0 = Debug|Any CPU
		{838E9289-3161-4FAD-836B-16BF5DDA1827}.Release|Any CPU.ActiveCfg = Release|Any CPU
		{838E9289-3161-4FAD-836B-16BF5DDA1827}.Release|Any CPU.Build.0 = Release|Any CPU
		{838E9289-3161-4FAD-836B-16BF5DDA1827}.Release|ARM.ActiveCfg = Release|Any CPU
		{838E9289-3161-4FAD-836B-16BF5DDA1827}.Release|ARM.Build.0 = Release|Any CPU
		{838E9289-3161-4FAD-836B-16BF5DDA1827}.Release|x64.ActiveCfg = Release|Any CPU
		{838E9289-3161-4FAD-836B-16BF5DDA1827}.Release|x64.Build.0 = Release|Any CPU
		{838E9289-3161-4FAD-836B-16BF5DDA1827}.Release|x86.ActiveCfg = Release|Any CPU
		{838E9289-3161-4FAD-836B-16BF5DDA1827}.Release|x86.Build.0 = Release|Any CPU
		{30742ED9-86EE-4C6B-906B-9E9FCAF96BF9}.Debug|Any CPU.ActiveCfg = Debug|x86
		{30742ED9-86EE-4C6B-906B-9E9FCAF96BF9}.Debug|ARM.ActiveCfg = Debug|ARM
		{30742ED9-86EE-4C6B-906B-9E9FCAF96BF9}.Debug|ARM.Build.0 = Debug|ARM
		{30742ED9-86EE-4C6B-906B-9E9FCAF96BF9}.Debug|ARM.Deploy.0 = Debug|ARM
		{30742ED9-86EE-4C6B-906B-9E9FCAF96BF9}.Debug|x64.ActiveCfg = Debug|x64
		{30742ED9-86EE-4C6B-906B-9E9FCAF96BF9}.Debug|x64.Build.0 = Debug|x64
		{30742ED9-86EE-4C6B-906B-9E9FCAF96BF9}.Debug|x64.Deploy.0 = Debug|x64
		{30742ED9-86EE-4C6B-906B-9E9FCAF96BF9}.Debug|x86.ActiveCfg = Debug|x86
		{30742ED9-86EE-4C6B-906B-9E9FCAF96BF9}.Debug|x86.Build.0 = Debug|x86
		{30742ED9-86EE-4C6B-906B-9E9FCAF96BF9}.Debug|x86.Deploy.0 = Debug|x86
		{30742ED9-86EE-4C6B-906B-9E9FCAF96BF9}.Release|Any CPU.ActiveCfg = Release|x86
		{30742ED9-86EE-4C6B-906B-9E9FCAF96BF9}.Release|ARM.ActiveCfg = Release|ARM
		{30742ED9-86EE-4C6B-906B-9E9FCAF96BF9}.Release|ARM.Build.0 = Release|ARM
		{30742ED9-86EE-4C6B-906B-9E9FCAF96BF9}.Release|ARM.Deploy.0 = Release|ARM
		{30742ED9-86EE-4C6B-906B-9E9FCAF96BF9}.Release|x64.ActiveCfg = Release|x64
		{30742ED9-86EE-4C6B-906B-9E9FCAF96BF9}.Release|x64.Build.0 = Release|x64
		{30742ED9-86EE-4C6B-906B-9E9FCAF96BF9}.Release|x64.Deploy.0 = Release|x64
		{30742ED9-86EE-4C6B-906B-9E9FCAF96BF9}.Release|x86.ActiveCfg = Release|x86
		{30742ED9-86EE-4C6B-906B-9E9FCAF96BF9}.Release|x86.Build.0 = Release|x86
		{30742ED9-86EE-4C6B-906B-9E9FCAF96BF9}.Release|x86.Deploy.0 = Release|x86
		{6270BDCC-8E76-495D-9ABC-C9856F53C965}.Debug|Any CPU.ActiveCfg = Debug|x86
		{6270BDCC-8E76-495D-9ABC-C9856F53C965}.Debug|ARM.ActiveCfg = Debug|ARM
		{6270BDCC-8E76-495D-9ABC-C9856F53C965}.Debug|ARM.Build.0 = Debug|ARM
		{6270BDCC-8E76-495D-9ABC-C9856F53C965}.Debug|ARM.Deploy.0 = Debug|ARM
		{6270BDCC-8E76-495D-9ABC-C9856F53C965}.Debug|x64.ActiveCfg = Debug|x64
		{6270BDCC-8E76-495D-9ABC-C9856F53C965}.Debug|x64.Build.0 = Debug|x64
		{6270BDCC-8E76-495D-9ABC-C9856F53C965}.Debug|x64.Deploy.0 = Debug|x64
		{6270BDCC-8E76-495D-9ABC-C9856F53C965}.Debug|x86.ActiveCfg = Debug|x86
		{6270BDCC-8E76-495D-9ABC-C9856F53C965}.Debug|x86.Build.0 = Debug|x86
		{6270BDCC-8E76-495D-9ABC-C9856F53C965}.Debug|x86.Deploy.0 = Debug|x86
		{6270BDCC-8E76-495D-9ABC-C9856F53C965}.Release|Any CPU.ActiveCfg = Release|x86
		{6270BDCC-8E76-495D-9ABC-C9856F53C965}.Release|ARM.ActiveCfg = Release|ARM
		{6270BDCC-8E76-495D-9ABC-C9856F53C965}.Release|ARM.Build.0 = Release|ARM
		{6270BDCC-8E76-495D-9ABC-C9856F53C965}.Release|ARM.Deploy.0 = Release|ARM
		{6270BDCC-8E76-495D-9ABC-C9856F53C965}.Release|x64.ActiveCfg = Release|x64
		{6270BDCC-8E76-495D-9ABC-C9856F53C965}.Release|x64.Build.0 = Release|x64
		{6270BDCC-8E76-495D-9ABC-C9856F53C965}.Release|x64.Deploy.0 = Release|x64
		{6270BDCC-8E76-495D-9ABC-C9856F53C965}.Release|x86.ActiveCfg = Release|x86
		{6270BDCC-8E76-495D-9ABC-C9856F53C965}.Release|x86.Build.0 = Release|x86
		{6270BDCC-8E76-495D-9ABC-C9856F53C965}.Release|x86.Deploy.0 = Release|x86
		{510211A1-354B-47C8-8D37-8605FC85ACAA}.Debug|Any CPU.ActiveCfg = Debug|x86
		{510211A1-354B-47C8-8D37-8605FC85ACAA}.Debug|ARM.ActiveCfg = Debug|ARM
		{510211A1-354B-47C8-8D37-8605FC85ACAA}.Debug|ARM.Build.0 = Debug|ARM
		{510211A1-354B-47C8-8D37-8605FC85ACAA}.Debug|ARM.Deploy.0 = Debug|ARM
		{510211A1-354B-47C8-8D37-8605FC85ACAA}.Debug|x64.ActiveCfg = Debug|x64
		{510211A1-354B-47C8-8D37-8605FC85ACAA}.Debug|x64.Build.0 = Debug|x64
		{510211A1-354B-47C8-8D37-8605FC85ACAA}.Debug|x64.Deploy.0 = Debug|x64
		{510211A1-354B-47C8-8D37-8605FC85ACAA}.Debug|x86.ActiveCfg = Debug|x86
		{510211A1-354B-47C8-8D37-8605FC85ACAA}.Debug|x86.Build.0 = Debug|x86
		{510211A1-354B-47C8-8D37-8605FC85ACAA}.Debug|x86.Deploy.0 = Debug|x86
		{510211A1-354B-47C8-8D37-8605FC85ACAA}.Release|Any CPU.ActiveCfg = Release|x86
		{510211A1-354B-47C8-8D37-8605FC85ACAA}.Release|ARM.ActiveCfg = Release|ARM
		{510211A1-354B-47C8-8D37-8605FC85ACAA}.Release|ARM.Build.0 = Release|ARM
		{510211A1-354B-47C8-8D37-8605FC85ACAA}.Release|ARM.Deploy.0 = Release|ARM
		{510211A1-354B-47C8-8D37-8605FC85ACAA}.Release|x64.ActiveCfg = Release|x64
		{510211A1-354B-47C8-8D37-8605FC85ACAA}.Release|x64.Build.0 = Release|x64
		{510211A1-354B-47C8-8D37-8605FC85ACAA}.Release|x64.Deploy.0 = Release|x64
		{510211A1-354B-47C8-8D37-8605FC85ACAA}.Release|x86.ActiveCfg = Release|x86
		{510211A1-354B-47C8-8D37-8605FC85ACAA}.Release|x86.Build.0 = Release|x86
		{510211A1-354B-47C8-8D37-8605FC85ACAA}.Release|x86.Deploy.0 = Release|x86
		{9436EC69-8415-4CB9-B8BB-603DEB0744C0}.Debug|Any CPU.ActiveCfg = Debug|Any CPU
		{9436EC69-8415-4CB9-B8BB-603DEB0744C0}.Debug|Any CPU.Build.0 = Debug|Any CPU
		{9436EC69-8415-4CB9-B8BB-603DEB0744C0}.Debug|ARM.ActiveCfg = Debug|Any CPU
		{9436EC69-8415-4CB9-B8BB-603DEB0744C0}.Debug|ARM.Build.0 = Debug|Any CPU
		{9436EC69-8415-4CB9-B8BB-603DEB0744C0}.Debug|x64.ActiveCfg = Debug|Any CPU
		{9436EC69-8415-4CB9-B8BB-603DEB0744C0}.Debug|x64.Build.0 = Debug|Any CPU
		{9436EC69-8415-4CB9-B8BB-603DEB0744C0}.Debug|x86.ActiveCfg = Debug|Any CPU
		{9436EC69-8415-4CB9-B8BB-603DEB0744C0}.Debug|x86.Build.0 = Debug|Any CPU
		{9436EC69-8415-4CB9-B8BB-603DEB0744C0}.Release|Any CPU.ActiveCfg = Release|Any CPU
		{9436EC69-8415-4CB9-B8BB-603DEB0744C0}.Release|Any CPU.Build.0 = Release|Any CPU
		{9436EC69-8415-4CB9-B8BB-603DEB0744C0}.Release|ARM.ActiveCfg = Release|Any CPU
		{9436EC69-8415-4CB9-B8BB-603DEB0744C0}.Release|ARM.Build.0 = Release|Any CPU
		{9436EC69-8415-4CB9-B8BB-603DEB0744C0}.Release|x64.ActiveCfg = Release|Any CPU
		{9436EC69-8415-4CB9-B8BB-603DEB0744C0}.Release|x64.Build.0 = Release|Any CPU
		{9436EC69-8415-4CB9-B8BB-603DEB0744C0}.Release|x86.ActiveCfg = Release|Any CPU
		{9436EC69-8415-4CB9-B8BB-603DEB0744C0}.Release|x86.Build.0 = Release|Any CPU
		{709002B9-916F-481F-981B-6F4F0C2B51DB}.Debug|Any CPU.ActiveCfg = Debug|Any CPU
		{709002B9-916F-481F-981B-6F4F0C2B51DB}.Debug|Any CPU.Build.0 = Debug|Any CPU
		{709002B9-916F-481F-981B-6F4F0C2B51DB}.Debug|ARM.ActiveCfg = Debug|ARM
		{709002B9-916F-481F-981B-6F4F0C2B51DB}.Debug|ARM.Build.0 = Debug|ARM
		{709002B9-916F-481F-981B-6F4F0C2B51DB}.Debug|x64.ActiveCfg = Debug|x64
		{709002B9-916F-481F-981B-6F4F0C2B51DB}.Debug|x64.Build.0 = Debug|x64
		{709002B9-916F-481F-981B-6F4F0C2B51DB}.Debug|x86.ActiveCfg = Debug|x86
		{709002B9-916F-481F-981B-6F4F0C2B51DB}.Debug|x86.Build.0 = Debug|x86
		{709002B9-916F-481F-981B-6F4F0C2B51DB}.Release|Any CPU.ActiveCfg = Release|Any CPU
		{709002B9-916F-481F-981B-6F4F0C2B51DB}.Release|Any CPU.Build.0 = Release|Any CPU
		{709002B9-916F-481F-981B-6F4F0C2B51DB}.Release|ARM.ActiveCfg = Release|ARM
		{709002B9-916F-481F-981B-6F4F0C2B51DB}.Release|ARM.Build.0 = Release|ARM
		{709002B9-916F-481F-981B-6F4F0C2B51DB}.Release|x64.ActiveCfg = Release|x64
		{709002B9-916F-481F-981B-6F4F0C2B51DB}.Release|x64.Build.0 = Release|x64
		{709002B9-916F-481F-981B-6F4F0C2B51DB}.Release|x86.ActiveCfg = Release|x86
		{709002B9-916F-481F-981B-6F4F0C2B51DB}.Release|x86.Build.0 = Release|x86
		{DDE69CFE-2F1D-46ED-A414-EB48870FF997}.Debug|Any CPU.ActiveCfg = Debug|Any CPU
		{DDE69CFE-2F1D-46ED-A414-EB48870FF997}.Debug|Any CPU.Build.0 = Debug|Any CPU
		{DDE69CFE-2F1D-46ED-A414-EB48870FF997}.Debug|ARM.ActiveCfg = Debug|ARM
		{DDE69CFE-2F1D-46ED-A414-EB48870FF997}.Debug|ARM.Build.0 = Debug|ARM
		{DDE69CFE-2F1D-46ED-A414-EB48870FF997}.Debug|x64.ActiveCfg = Debug|x64
		{DDE69CFE-2F1D-46ED-A414-EB48870FF997}.Debug|x64.Build.0 = Debug|x64
		{DDE69CFE-2F1D-46ED-A414-EB48870FF997}.Debug|x86.ActiveCfg = Debug|x86
		{DDE69CFE-2F1D-46ED-A414-EB48870FF997}.Debug|x86.Build.0 = Debug|x86
		{DDE69CFE-2F1D-46ED-A414-EB48870FF997}.Release|Any CPU.ActiveCfg = Release|Any CPU
		{DDE69CFE-2F1D-46ED-A414-EB48870FF997}.Release|Any CPU.Build.0 = Release|Any CPU
		{DDE69CFE-2F1D-46ED-A414-EB48870FF997}.Release|ARM.ActiveCfg = Release|ARM
		{DDE69CFE-2F1D-46ED-A414-EB48870FF997}.Release|ARM.Build.0 = Release|ARM
		{DDE69CFE-2F1D-46ED-A414-EB48870FF997}.Release|x64.ActiveCfg = Release|x64
		{DDE69CFE-2F1D-46ED-A414-EB48870FF997}.Release|x64.Build.0 = Release|x64
		{DDE69CFE-2F1D-46ED-A414-EB48870FF997}.Release|x86.ActiveCfg = Release|x86
		{DDE69CFE-2F1D-46ED-A414-EB48870FF997}.Release|x86.Build.0 = Release|x86
		{458F5C99-D7E2-481A-BAEF-DB0D694A0F8A}.Debug|Any CPU.ActiveCfg = Debug|Any CPU
		{458F5C99-D7E2-481A-BAEF-DB0D694A0F8A}.Debug|Any CPU.Build.0 = Debug|Any CPU
		{458F5C99-D7E2-481A-BAEF-DB0D694A0F8A}.Debug|ARM.ActiveCfg = Debug|ARM
		{458F5C99-D7E2-481A-BAEF-DB0D694A0F8A}.Debug|ARM.Build.0 = Debug|ARM
		{458F5C99-D7E2-481A-BAEF-DB0D694A0F8A}.Debug|x64.ActiveCfg = Debug|x64
		{458F5C99-D7E2-481A-BAEF-DB0D694A0F8A}.Debug|x64.Build.0 = Debug|x64
		{458F5C99-D7E2-481A-BAEF-DB0D694A0F8A}.Debug|x86.ActiveCfg = Debug|x86
		{458F5C99-D7E2-481A-BAEF-DB0D694A0F8A}.Debug|x86.Build.0 = Debug|x86
		{458F5C99-D7E2-481A-BAEF-DB0D694A0F8A}.Release|Any CPU.ActiveCfg = Release|Any CPU
		{458F5C99-D7E2-481A-BAEF-DB0D694A0F8A}.Release|Any CPU.Build.0 = Release|Any CPU
		{458F5C99-D7E2-481A-BAEF-DB0D694A0F8A}.Release|ARM.ActiveCfg = Release|ARM
		{458F5C99-D7E2-481A-BAEF-DB0D694A0F8A}.Release|ARM.Build.0 = Release|ARM
		{458F5C99-D7E2-481A-BAEF-DB0D694A0F8A}.Release|x64.ActiveCfg = Release|x64
		{458F5C99-D7E2-481A-BAEF-DB0D694A0F8A}.Release|x64.Build.0 = Release|x64
		{458F5C99-D7E2-481A-BAEF-DB0D694A0F8A}.Release|x86.ActiveCfg = Release|x86
		{458F5C99-D7E2-481A-BAEF-DB0D694A0F8A}.Release|x86.Build.0 = Release|x86
		{926D5C3D-0424-454E-B78B-B50731744D7B}.Debug|Any CPU.ActiveCfg = Debug|Any CPU
		{926D5C3D-0424-454E-B78B-B50731744D7B}.Debug|Any CPU.Build.0 = Debug|Any CPU
		{926D5C3D-0424-454E-B78B-B50731744D7B}.Debug|ARM.ActiveCfg = Debug|ARM
		{926D5C3D-0424-454E-B78B-B50731744D7B}.Debug|ARM.Build.0 = Debug|ARM
		{926D5C3D-0424-454E-B78B-B50731744D7B}.Debug|x64.ActiveCfg = Debug|x64
		{926D5C3D-0424-454E-B78B-B50731744D7B}.Debug|x64.Build.0 = Debug|x64
		{926D5C3D-0424-454E-B78B-B50731744D7B}.Debug|x86.ActiveCfg = Debug|x86
		{926D5C3D-0424-454E-B78B-B50731744D7B}.Debug|x86.Build.0 = Debug|x86
		{926D5C3D-0424-454E-B78B-B50731744D7B}.Release|Any CPU.ActiveCfg = Release|Any CPU
		{926D5C3D-0424-454E-B78B-B50731744D7B}.Release|Any CPU.Build.0 = Release|Any CPU
		{926D5C3D-0424-454E-B78B-B50731744D7B}.Release|ARM.ActiveCfg = Release|ARM
		{926D5C3D-0424-454E-B78B-B50731744D7B}.Release|ARM.Build.0 = Release|ARM
		{926D5C3D-0424-454E-B78B-B50731744D7B}.Release|x64.ActiveCfg = Release|x64
		{926D5C3D-0424-454E-B78B-B50731744D7B}.Release|x64.Build.0 = Release|x64
		{926D5C3D-0424-454E-B78B-B50731744D7B}.Release|x86.ActiveCfg = Release|x86
		{926D5C3D-0424-454E-B78B-B50731744D7B}.Release|x86.Build.0 = Release|x86
		{1C79F4A0-96E4-47A9-A269-C04888FF892B}.Debug|Any CPU.ActiveCfg = Debug|Any CPU
		{1C79F4A0-96E4-47A9-A269-C04888FF892B}.Debug|Any CPU.Build.0 = Debug|Any CPU
		{1C79F4A0-96E4-47A9-A269-C04888FF892B}.Debug|ARM.ActiveCfg = Debug|ARM
		{1C79F4A0-96E4-47A9-A269-C04888FF892B}.Debug|ARM.Build.0 = Debug|ARM
		{1C79F4A0-96E4-47A9-A269-C04888FF892B}.Debug|x64.ActiveCfg = Debug|x64
		{1C79F4A0-96E4-47A9-A269-C04888FF892B}.Debug|x64.Build.0 = Debug|x64
		{1C79F4A0-96E4-47A9-A269-C04888FF892B}.Debug|x86.ActiveCfg = Debug|x86
		{1C79F4A0-96E4-47A9-A269-C04888FF892B}.Debug|x86.Build.0 = Debug|x86
		{1C79F4A0-96E4-47A9-A269-C04888FF892B}.Release|Any CPU.ActiveCfg = Release|Any CPU
		{1C79F4A0-96E4-47A9-A269-C04888FF892B}.Release|Any CPU.Build.0 = Release|Any CPU
		{1C79F4A0-96E4-47A9-A269-C04888FF892B}.Release|ARM.ActiveCfg = Release|ARM
		{1C79F4A0-96E4-47A9-A269-C04888FF892B}.Release|ARM.Build.0 = Release|ARM
		{1C79F4A0-96E4-47A9-A269-C04888FF892B}.Release|x64.ActiveCfg = Release|x64
		{1C79F4A0-96E4-47A9-A269-C04888FF892B}.Release|x64.Build.0 = Release|x64
		{1C79F4A0-96E4-47A9-A269-C04888FF892B}.Release|x86.ActiveCfg = Release|x86
		{1C79F4A0-96E4-47A9-A269-C04888FF892B}.Release|x86.Build.0 = Release|x86
		{A115DBAD-6E4B-4A94-8884-BCD065C1E462}.Debug|Any CPU.ActiveCfg = Debug|Any CPU
		{A115DBAD-6E4B-4A94-8884-BCD065C1E462}.Debug|Any CPU.Build.0 = Debug|Any CPU
		{A115DBAD-6E4B-4A94-8884-BCD065C1E462}.Debug|ARM.ActiveCfg = Debug|ARM
		{A115DBAD-6E4B-4A94-8884-BCD065C1E462}.Debug|ARM.Build.0 = Debug|ARM
		{A115DBAD-6E4B-4A94-8884-BCD065C1E462}.Debug|x64.ActiveCfg = Debug|x64
		{A115DBAD-6E4B-4A94-8884-BCD065C1E462}.Debug|x64.Build.0 = Debug|x64
		{A115DBAD-6E4B-4A94-8884-BCD065C1E462}.Debug|x86.ActiveCfg = Debug|x86
		{A115DBAD-6E4B-4A94-8884-BCD065C1E462}.Debug|x86.Build.0 = Debug|x86
		{A115DBAD-6E4B-4A94-8884-BCD065C1E462}.Release|Any CPU.ActiveCfg = Release|Any CPU
		{A115DBAD-6E4B-4A94-8884-BCD065C1E462}.Release|Any CPU.Build.0 = Release|Any CPU
		{A115DBAD-6E4B-4A94-8884-BCD065C1E462}.Release|ARM.ActiveCfg = Release|ARM
		{A115DBAD-6E4B-4A94-8884-BCD065C1E462}.Release|ARM.Build.0 = Release|ARM
		{A115DBAD-6E4B-4A94-8884-BCD065C1E462}.Release|x64.ActiveCfg = Release|x64
		{A115DBAD-6E4B-4A94-8884-BCD065C1E462}.Release|x64.Build.0 = Release|x64
		{A115DBAD-6E4B-4A94-8884-BCD065C1E462}.Release|x86.ActiveCfg = Release|x86
		{A115DBAD-6E4B-4A94-8884-BCD065C1E462}.Release|x86.Build.0 = Release|x86
	EndGlobalSection
	GlobalSection(SolutionProperties) = preSolution
		HideSolutionNode = FALSE
	EndGlobalSection
	GlobalSection(NestedProjects) = preSolution
		{838E9289-3161-4FAD-836B-16BF5DDA1827} = {D8E015E5-0090-42F9-906C-72B67BDB27AA}
		{D8E015E5-0090-42F9-906C-72B67BDB27AA} = {08C45AD9-DCD0-470D-A46D-E07A36707FD6}
		{30742ED9-86EE-4C6B-906B-9E9FCAF96BF9} = {D8E015E5-0090-42F9-906C-72B67BDB27AA}
		{2208A63F-5BFB-4795-B794-3A741B1126B8} = {08C45AD9-DCD0-470D-A46D-E07A36707FD6}
		{FAD83818-F6F7-45C7-A023-983F92B0019A} = {2208A63F-5BFB-4795-B794-3A741B1126B8}
		{6270BDCC-8E76-495D-9ABC-C9856F53C965} = {FAD83818-F6F7-45C7-A023-983F92B0019A}
		{510211A1-354B-47C8-8D37-8605FC85ACAA} = {FAD83818-F6F7-45C7-A023-983F92B0019A}
		{2A1CEF9E-91B4-4D03-ACA0-E19EB762F587} = {F4098AB5-E89F-4725-9559-D3A2E80AF619}
		{9436EC69-8415-4CB9-B8BB-603DEB0744C0} = {F4098AB5-E89F-4725-9559-D3A2E80AF619}
		{709002B9-916F-481F-981B-6F4F0C2B51DB} = {E01568C8-4F40-4AC3-9C67-984AD4A2A47A}
		{DDE69CFE-2F1D-46ED-A414-EB48870FF997} = {E01568C8-4F40-4AC3-9C67-984AD4A2A47A}
		{458F5C99-D7E2-481A-BAEF-DB0D694A0F8A} = {E01568C8-4F40-4AC3-9C67-984AD4A2A47A}
		{926D5C3D-0424-454E-B78B-B50731744D7B} = {E01568C8-4F40-4AC3-9C67-984AD4A2A47A}
		{E01568C8-4F40-4AC3-9C67-984AD4A2A47A} = {2A1CEF9E-91B4-4D03-ACA0-E19EB762F587}
		{1C79F4A0-96E4-47A9-A269-C04888FF892B} = {2A1CEF9E-91B4-4D03-ACA0-E19EB762F587}
		{A115DBAD-6E4B-4A94-8884-BCD065C1E462} = {F4098AB5-E89F-4725-9559-D3A2E80AF619}
	EndGlobalSection
	GlobalSection(ExtensibilityGlobals) = postSolution
		SolutionGuid = {CB032615-B6EC-4A30-BA47-0E344A6C0D81}
	EndGlobalSection
EndGlobal
